<?xml version="1.0" encoding="utf-8"?>
<Project xmlns="http://schemas.microsoft.com/developer/msbuild/2003">
  <ItemGroup>
    <Filter Include="Header Files">
      <UniqueIdentifier>{93995380-89BD-4b04-88EB-625FBE52EBFB}</UniqueIdentifier>
      <Extensions>h;hpp;hxx;hm;inl;inc;xsd</Extensions>
    </Filter>
    <Filter Include="Header Files">
      <UniqueIdentifier>{93995380-89BD-4b04-88EB-625FBE52EBFB}</UniqueIdentifier>
      <Extensions>h;hpp;hxx;hm;inl;inc;xsd</Extensions>
    </Filter>
    <Filter Include="Source Files">
      <UniqueIdentifier>{4FC737F1-C7A5-4376-A066-2A32D752A2FF}</UniqueIdentifier>
      <Extensions>cpp;c;cxx;def;odl;idl;hpj;bat;asm;asmx</Extensions>
    </Filter>
    <Filter Include="Source Files">
      <UniqueIdentifier>{4FC737F1-C7A5-4376-A066-2A32D752A2FF}</UniqueIdentifier>
      <Extensions>cpp;c;cxx;def;odl;idl;hpj;bat;asm;asmx</Extensions>
    </Filter>
  </ItemGroup>
  <ItemGroup>
    <ClCompile Include="sofa\pbrpc\binary_rpc_request.cc">
      <Filter>Source Files</Filter>
    </ClCompile>
    <ClCompile Include="sofa\pbrpc\binary_rpc_request_parser.cc">
      <Filter>Source Files</Filter>
    </ClCompile>
    <ClCompile Include="sofa\pbrpc\block_wrappers.cc">
      <Filter>Source Files</Filter>
    </ClCompile>
    <ClCompile Include="sofa\pbrpc\boost_system_error_code.cc">
      <Filter>Source Files</Filter>
    </ClCompile>
    <ClCompile Include="sofa\pbrpc\buffer.cc">
      <Filter>Source Files</Filter>
    </ClCompile>
    <ClCompile Include="sofa\pbrpc\builtin_service.pb.cc">
      <Filter>Source Files</Filter>
    </ClCompile>
    <ClCompile Include="sofa\pbrpc\builtin_service_impl.cc">
      <Filter>Source Files</Filter>
    </ClCompile>
    <ClCompile Include="sofa\pbrpc\common.cc">
      <Filter>Source Files</Filter>
    </ClCompile>
    <ClCompile Include="sofa\pbrpc\common_internal.cc">
      <Filter>Source Files</Filter>
    </ClCompile>
    <ClCompile Include="sofa\pbrpc\compressed_stream.cc">
      <Filter>Source Files</Filter>
    </ClCompile>
    <ClCompile Include="sofa\pbrpc\dynamic_rpc_channel_impl.cc">
      <Filter>Source Files</Filter>
    </ClCompile>
    <ClCompile Include="sofa\pbrpc\gzip_stream.cc">
      <Filter>Source Files</Filter>
    </ClCompile>
    <ClCompile Include="sofa\pbrpc\http-agent\http_agent.cc">
      <Filter>Source Files</Filter>
    </ClCompile>
    <ClCompile Include="sofa\pbrpc\http_rpc_request.cc">
      <Filter>Source Files</Filter>
    </ClCompile>
    <ClCompile Include="sofa\pbrpc\http_rpc_request_parser.cc">
      <Filter>Source Files</Filter>
    </ClCompile>
    <ClCompile Include="sofa\pbrpc\io_service_pool.cc">
      <Filter>Source Files</Filter>
    </ClCompile>
    <ClCompile Include="sofa\pbrpc\lz4.cc">
      <Filter>Source Files</Filter>
    </ClCompile>
    <ClCompile Include="sofa\pbrpc\mock_test_helper.cc">
      <Filter>Source Files</Filter>
    </ClCompile>
    <ClCompile Include="sofa\pbrpc\pbjson.cc">
      <Filter>Source Files</Filter>
    </ClCompile>
    <ClCompile Include="sofa\pbrpc\profiling.cc">
      <Filter>Source Files</Filter>
    </ClCompile>
    <ClCompile Include="sofa\pbrpc\rpc_channel.cc">
      <Filter>Source Files</Filter>
    </ClCompile>
    <ClCompile Include="sofa\pbrpc\rpc_client.cc">
      <Filter>Source Files</Filter>
    </ClCompile>
    <ClCompile Include="sofa\pbrpc\rpc_client_impl.cc">
      <Filter>Source Files</Filter>
    </ClCompile>
    <ClCompile Include="sofa\pbrpc\rpc_controller.cc">
      <Filter>Source Files</Filter>
    </ClCompile>
    <ClCompile Include="sofa\pbrpc\rpc_endpoint.cc">
      <Filter>Source Files</Filter>
    </ClCompile>
    <ClCompile Include="sofa\pbrpc\rpc_error_code.cc">
      <Filter>Source Files</Filter>
    </ClCompile>
    <ClCompile Include="sofa\pbrpc\rpc_meta.pb.cc">
      <Filter>Source Files</Filter>
    </ClCompile>
    <ClCompile Include="sofa\pbrpc\rpc_option.pb.cc">
      <Filter>Source Files</Filter>
    </ClCompile>
    <ClCompile Include="sofa\pbrpc\rpc_request.cc">
      <Filter>Source Files</Filter>
    </ClCompile>
    <ClCompile Include="sofa\pbrpc\rpc_request_parser.cc">
      <Filter>Source Files</Filter>
    </ClCompile>
    <ClCompile Include="sofa\pbrpc\rpc_server.cc">
      <Filter>Source Files</Filter>
    </ClCompile>
    <ClCompile Include="sofa\pbrpc\rpc_server_impl.cc">
      <Filter>Source Files</Filter>
    </ClCompile>
    <ClCompile Include="sofa\pbrpc\simple_rpc_channel_impl.cc">
      <Filter>Source Files</Filter>
    </ClCompile>
    <ClCompile Include="sofa\pbrpc\http-agent\sofa_pbrpc_client.cc">
      <Filter>Source Files</Filter>
    </ClCompile>
    <ClCompile Include="sofa\pbrpc\string_utils.cc">
      <Filter>Source Files</Filter>
    </ClCompile>
    <ClCompile Include="sofa\pbrpc\tcmalloc_extension_helper.cc">
      <Filter>Source Files</Filter>
    </ClCompile>
    <ClCompile Include="sofa\pbrpc\thread_group.cc">
      <Filter>Source Files</Filter>
    </ClCompile>
    <ClCompile Include="sofa\pbrpc\timeout_manager.cc">
      <Filter>Source Files</Filter>
    </ClCompile>
    <ClCompile Include="sofa\pbrpc\timeout_manager_impl.cc">
      <Filter>Source Files</Filter>
    </ClCompile>
    <ClCompile Include="sofa\pbrpc\web_service.cc">
      <Filter>Source Files</Filter>
    </ClCompile>
  </ItemGroup>
  <ItemGroup>
    <ClInclude Include="sofa\pbrpc\ascii.h">
      <Filter>Header Files</Filter>
    </ClInclude>
    <ClInclude Include="sofa\pbrpc\atomic.h">
      <Filter>Header Files</Filter>
    </ClInclude>
    <ClInclude Include="sofa\pbrpc\bin2ascii.h">
      <Filter>Header Files</Filter>
    </ClInclude>
    <ClInclude Include="sofa\pbrpc\binary_rpc_request.h">
      <Filter>Header Files</Filter>
    </ClInclude>
    <ClInclude Include="sofa\pbrpc\binary_rpc_request_parser.h">
      <Filter>Header Files</Filter>
    </ClInclude>
    <ClInclude Include="sofa\pbrpc\block_wrappers.h">
      <Filter>Header Files</Filter>
    </ClInclude>
    <ClInclude Include="sofa\pbrpc\buf_handle.h">
      <Filter>Header Files</Filter>
    </ClInclude>
    <ClInclude Include="sofa\pbrpc\buffer.h">
      <Filter>Header Files</Filter>
    </ClInclude>
    <ClInclude Include="sofa\pbrpc\builtin_service.pb.h">
      <Filter>Header Files</Filter>
    </ClInclude>
    <ClInclude Include="sofa\pbrpc\builtin_service_impl.h">
      <Filter>Header Files</Filter>
    </ClInclude>
    <ClInclude Include="sofa\pbrpc\closure.h">
      <Filter>Header Files</Filter>
    </ClInclude>
    <ClInclude Include="sofa\pbrpc\closure_helper.h">
      <Filter>Header Files</Filter>
    </ClInclude>
    <ClInclude Include="sofa\pbrpc\common.h">
      <Filter>Header Files</Filter>
    </ClInclude>
    <ClInclude Include="sofa\pbrpc\common_internal.h">
      <Filter>Header Files</Filter>
    </ClInclude>
    <ClInclude Include="sofa\pbrpc\compressed_stream.h">
      <Filter>Header Files</Filter>
    </ClInclude>
    <ClInclude Include="sofa\pbrpc\condition_variable.h">
      <Filter>Header Files</Filter>
    </ClInclude>
    <ClInclude Include="sofa\pbrpc\counter.h">
      <Filter>Header Files</Filter>
    </ClInclude>
    <ClInclude Include="sofa\pbrpc\dynamic_rpc_channel_impl.h">
      <Filter>Header Files</Filter>
    </ClInclude>
    <ClInclude Include="sofa\pbrpc\ext_closure.h">
      <Filter>Header Files</Filter>
    </ClInclude>
    <ClInclude Include="sofa\pbrpc\flow_controller.h">
      <Filter>Header Files</Filter>
    </ClInclude>
    <ClInclude Include="sofa\pbrpc\func_tracer.h">
      <Filter>Header Files</Filter>
    </ClInclude>
    <ClInclude Include="sofa\pbrpc\gzip_stream.h">
      <Filter>Header Files</Filter>
    </ClInclude>
    <ClInclude Include="sofa\pbrpc\http.h">
      <Filter>Header Files</Filter>
    </ClInclude>
    <ClInclude Include="sofa\pbrpc\http-agent\http_agent.h">
      <Filter>Header Files</Filter>
    </ClInclude>
    <ClInclude Include="sofa\pbrpc\http_rpc_request.h">
      <Filter>Header Files</Filter>
    </ClInclude>
    <ClInclude Include="sofa\pbrpc\http_rpc_request_parser.h">
      <Filter>Header Files</Filter>
    </ClInclude>
    <ClInclude Include="sofa\pbrpc\io_service.h">
      <Filter>Header Files</Filter>
    </ClInclude>
    <ClInclude Include="sofa\pbrpc\io_service_pool.h">
      <Filter>Header Files</Filter>
    </ClInclude>
    <ClInclude Include="sofa\pbrpc\locks.h">
      <Filter>Header Files</Filter>
    </ClInclude>
    <ClInclude Include="sofa\pbrpc\lz4.h">
      <Filter>Header Files</Filter>
    </ClInclude>
    <ClInclude Include="sofa\pbrpc\mock_test_helper.h">
      <Filter>Header Files</Filter>
    </ClInclude>
    <ClInclude Include="sofa\pbrpc\mock_test_helper_impl.h">
      <Filter>Header Files</Filter>
    </ClInclude>
    <ClInclude Include="sofa\pbrpc\murmurhash.h">
      <Filter>Header Files</Filter>
    </ClInclude>
    <ClInclude Include="sofa\pbrpc\pbjson.h">
      <Filter>Header Files</Filter>
    </ClInclude>
    <ClInclude Include="sofa\pbrpc\pbrpc.h">
      <Filter>Header Files</Filter>
    </ClInclude>
    <ClInclude Include="sofa\pbrpc\pprof_perl.h">
      <Filter>Header Files</Filter>
    </ClInclude>
    <ClInclude Include="sofa\pbrpc\profiling.h">
      <Filter>Header Files</Filter>
    </ClInclude>
    <ClInclude Include="sofa\pbrpc\profiling_linker.h">
      <Filter>Header Files</Filter>
    </ClInclude>
    <ClInclude Include="sofa\pbrpc\ptime.h">
      <Filter>Header Files</Filter>
    </ClInclude>
    <ClInclude Include="sofa\pbrpc\rpc_byte_stream.h">
      <Filter>Header Files</Filter>
    </ClInclude>
    <ClInclude Include="sofa\pbrpc\rpc_channel.h">
      <Filter>Header Files</Filter>
    </ClInclude>
    <ClInclude Include="sofa\pbrpc\rpc_channel_impl.h">
      <Filter>Header Files</Filter>
    </ClInclude>
    <ClInclude Include="sofa\pbrpc\rpc_client.h">
      <Filter>Header Files</Filter>
    </ClInclude>
    <ClInclude Include="sofa\pbrpc\rpc_client_impl.h">
      <Filter>Header Files</Filter>
    </ClInclude>
    <ClInclude Include="sofa\pbrpc\rpc_client_stream.h">
      <Filter>Header Files</Filter>
    </ClInclude>
    <ClInclude Include="sofa\pbrpc\rpc_controller.h">
      <Filter>Header Files</Filter>
    </ClInclude>
    <ClInclude Include="sofa\pbrpc\rpc_controller_impl.h">
      <Filter>Header Files</Filter>
    </ClInclude>
    <ClInclude Include="sofa\pbrpc\rpc_endpoint.h">
      <Filter>Header Files</Filter>
    </ClInclude>
    <ClInclude Include="sofa\pbrpc\rpc_error_code.h">
      <Filter>Header Files</Filter>
    </ClInclude>
    <ClInclude Include="sofa\pbrpc\rpc_listener.h">
      <Filter>Header Files</Filter>
    </ClInclude>
    <ClInclude Include="sofa\pbrpc\rpc_message_header.h">
      <Filter>Header Files</Filter>
    </ClInclude>
    <ClInclude Include="sofa\pbrpc\rpc_message_stream.h">
      <Filter>Header Files</Filter>
    </ClInclude>
    <ClInclude Include="sofa\pbrpc\rpc_meta.pb.h">
      <Filter>Header Files</Filter>
    </ClInclude>
    <ClInclude Include="sofa\pbrpc\rpc_option.pb.h">
      <Filter>Header Files</Filter>
    </ClInclude>
    <ClInclude Include="sofa\pbrpc\rpc_request.h">
      <Filter>Header Files</Filter>
    </ClInclude>
    <ClInclude Include="sofa\pbrpc\rpc_request_parser.h">
      <Filter>Header Files</Filter>
    </ClInclude>
    <ClInclude Include="sofa\pbrpc\rpc_server.h">
      <Filter>Header Files</Filter>
    </ClInclude>
    <ClInclude Include="sofa\pbrpc\rpc_server_impl.h">
      <Filter>Header Files</Filter>
    </ClInclude>
    <ClInclude Include="sofa\pbrpc\rpc_server_message_stream.h">
      <Filter>Header Files</Filter>
    </ClInclude>
    <ClInclude Include="sofa\pbrpc\rpc_server_stream.h">
      <Filter>Header Files</Filter>
    </ClInclude>
    <ClInclude Include="sofa\pbrpc\rpc_timeout_manager.h">
      <Filter>Header Files</Filter>
    </ClInclude>
    <ClInclude Include="sofa\pbrpc\service_pool.h">
      <Filter>Header Files</Filter>
    </ClInclude>
    <ClInclude Include="sofa\pbrpc\simple_rpc_channel_impl.h">
      <Filter>Header Files</Filter>
    </ClInclude>
    <ClInclude Include="sofa\pbrpc\string_utils.h">
      <Filter>Header Files</Filter>
    </ClInclude>
    <ClInclude Include="sofa\pbrpc\thread_group.h">
      <Filter>Header Files</Filter>
    </ClInclude>
    <ClInclude Include="sofa\pbrpc\thread_group_impl.h">
      <Filter>Header Files</Filter>
    </ClInclude>
    <ClInclude Include="sofa\pbrpc\timeout_manager.h">
      <Filter>Header Files</Filter>
    </ClInclude>
    <ClInclude Include="sofa\pbrpc\timeout_manager_impl.h">
      <Filter>Header Files</Filter>
    </ClInclude>
    <ClInclude Include="sofa\pbrpc\timer_worker.h">
      <Filter>Header Files</Filter>
    </ClInclude>
    <ClInclude Include="sofa\pbrpc\tran_buf_pool.h">
      <Filter>Header Files</Filter>
    </ClInclude>
    <ClInclude Include="sofa\pbrpc\viz_min_js.h">
      <Filter>Header Files</Filter>
    </ClInclude>
    <ClInclude Include="sofa\pbrpc\wait_event.h">
      <Filter>Header Files</Filter>
    </ClInclude>
    <ClInclude Include="sofa\pbrpc\web_service.h">
      <Filter>Header Files</Filter>
    </ClInclude>
  </ItemGroup>
</Project>